{
    "_readme": [
        "This file locks the dependencies of your project to a known state",
        "Read more about it at http://getcomposer.org/doc/01-basic-usage.md#composer-lock-the-lock-file"
    ],
    "hash": "ddb101c7e9278544988c80c4749c4a45",
    "packages": [
        {
            "name": "illuminate/support",
            "version": "dev-master",
            "target-dir": "Illuminate/Support",
            "source": {
                "type": "git",
                "url": "https://github.com/illuminate/support.git",
                "reference": "cc16ed1445c39846c1c9aaccfc9f1648b28bf3c3"
            },
            "dist": {
                "type": "zip",
                "url": "https://api.github.com/repos/illuminate/support/zipball/cc16ed1445c39846c1c9aaccfc9f1648b28bf3c3",
                "reference": "cc16ed1445c39846c1c9aaccfc9f1648b28bf3c3",
                "shasum": ""
            },
            "require": {
                "php": ">=5.3.0"
            },
            "require-dev": {
                "mockery/mockery": "0.7.2",
                "patchwork/utf8": "1.0.*",
                "phpunit/phpunit": "3.7.*"
            },
            "type": "library",
            "extra": {
                "branch-alias": {
                    "dev-master": "4.0-dev"
                }
            },
            "autoload": {
                "psr-0": {
                    "Illuminate\\Support": ""
                },
                "files": [
                    "Illuminate/Support/helpers.php"
                ]
            },
            "notification-url": "https://packagist.org/downloads/",
            "authors": [
                {
                    "name": "Taylor Otwell",
                    "email": "taylorotwell@gmail.com"
                }
            ],
            "description": "Various utilities and support functions.",
            "time": "2013-04-07 00:35:30"
        },
        {
            "name": "orchestra/support",
            "version": "dev-master",
            "source": {
                "type": "git",
                "url": "https://github.com/orchestral/support.git",
                "reference": "87700a9197d8016e3a0ab9becd5d4dde10fa8405"
            },
            "dist": {
                "type": "zip",
                "url": "https://api.github.com/repos/orchestral/support/zipball/87700a9197d8016e3a0ab9becd5d4dde10fa8405",
                "reference": "87700a9197d8016e3a0ab9becd5d4dde10fa8405",
                "shasum": ""
            },
            "require": {
                "illuminate/support": "4.0.*@dev",
                "php": ">=5.3.3"
            },
            "require-dev": {
                "mockery/mockery": "0.8.0",
                "patchwork/utf8": "1.0.*"
            },
            "suggest": {
                "laravel/framework": "Allow using orchestra/support component outside of Orchestra Platform",
                "orchestra/foundation": "Using orchestra/support with Orchestra Platform"
            },
            "type": "library",
            "autoload": {
                "psr-0": {
                    "Orchestra\\Support": "src/"
                }
            },
            "notification-url": "https://packagist.org/downloads/",
            "license": [
                "MIT"
            ],
            "authors": [
                {
                    "name": "Mior Muhammad Zaki",
                    "email": "crynobone@gmail.com"
                }
            ],
            "description": "Orchestra Platform Support Component",
            "time": "2013-04-11 12:04:12"
        }
    ],
    "packages-dev": [
        {
            "name": "mockery/mockery",
            "version": "0.8.0",
            "source": {
                "type": "git",
                "url": "https://github.com/padraic/mockery.git",
                "reference": "0.8.0"
            },
            "dist": {
                "type": "zip",
                "url": "https://api.github.com/repos/padraic/mockery/zipball/0.8.0",
                "reference": "0.8.0",
                "shasum": ""
            },
            "require": {
                "php": ">=5.3.2"
            },
            "require-dev": {
                "hamcrest/hamcrest": "1.1.0"
            },
            "type": "library",
            "autoload": {
                "psr-0": {
                    "Mockery": "library/"
                }
            },
            "notification-url": "https://packagist.org/downloads/",
            "license": [
                "BSD-3-Clause"
            ],
            "authors": [
                {
                    "name": "Pádraic Brady",
                    "email": "padraic.brady@gmail.com",
                    "homepage": "http://blog.astrumfutura.com"
                }
            ],
            "description": "Mockery is a simple yet flexible PHP mock object framework for use in unit testing with PHPUnit, PHPSpec or any other testing framework. Its core goal is to offer a test double framework with a succint API capable of clearly defining all possible object operations and interactions using a human readable Domain Specific Language (DSL). Designed as a drop in alternative to PHPUnit's phpunit-mock-objects library, Mockery is easy to integrate with PHPUnit and can operate alongside phpunit-mock-objects without the World ending.",
            "homepage": "http://github.com/padraic/mockery",
            "keywords": [
                "BDD",
                "TDD",
                "library",
                "mock",
                "mock objects",
                "mockery",
                "stub",
                "test",
                "test double",
                "testing"
            ],
            "time": "2013-04-01 12:13:17"
        }
    ],
    "aliases": [

    ],
    "minimum-stability": "dev",
    "stability-flags": {
        "orchestra/support": 20
    },
    "platform": {
        "php": ">=5.3.3"
    },
    "platform-dev": [

    ]
}
